{
  "pins" : [
    {
      "identity" : "facebook-ios-sdk",
      "kind" : "remoteSourceControl",
      "location" : "https://github.com/facebook/facebook-ios-sdk",
      "state" : {
        "branch" : "main",
        "revision" : "625a8bd096a3c2659f379bf90f7cd190db67706e"
      }
    }
  ],
  "version" : 2
}
