// !$*UTF8*$!
{
	archiveVersion = 1;
	classes = {
	};
	objectVersion = 55;
	objects = {

/* Begin PBXBuildFile section */
		007C7467FE54FC4D3148B1CE /* Pods_fieldBy.framework in Frameworks */ = {isa = PBXBuildFile; fileRef = AA4D456A8B0CC37E589C7E22 /* Pods_fieldBy.framework */; };
		D106B0A8281EA2A400E6CCFA /* AppDelegate.swift in Sources */ = {isa = PBXBuildFile; fileRef = D106B0A7281EA2A400E6CCFA /* AppDelegate.swift */; };
		D106B0AA281EA2A400E6CCFA /* SceneDelegate.swift in Sources */ = {isa = PBXBuildFile; fileRef = D106B0A9281EA2A400E6CCFA /* SceneDelegate.swift */; };
		D106B0AC281EA2A400E6CCFA /* ViewController.swift in Sources */ = {isa = PBXBuildFile; fileRef = D106B0AB281EA2A400E6CCFA /* ViewController.swift */; };
		D106B0AF281EA2A400E6CCFA /* Main.storyboard in Resources */ = {isa = PBXBuildFile; fileRef = D106B0AD281EA2A400E6CCFA /* Main.storyboard */; };
		D106B0B1281EA2A500E6CCFA /* Assets.xcassets in Resources */ = {isa = PBXBuildFile; fileRef = D106B0B0281EA2A500E6CCFA /* Assets.xcassets */; };
		D106B0B4281EA2A500E6CCFA /* LaunchScreen.storyboard in Resources */ = {isa = PBXBuildFile; fileRef = D106B0B2281EA2A500E6CCFA /* LaunchScreen.storyboard */; };
		D1121D202830D2B000149263 /* GoogleService-Info.plist in Resources */ = {isa = PBXBuildFile; fileRef = D1121D1F2830D2B000149263 /* GoogleService-Info.plist */; };
		D1121D222830E31500149263 /* GolfInfo.swift in Sources */ = {isa = PBXBuildFile; fileRef = D1121D212830E31500149263 /* GolfInfo.swift */; };
		D1121D252830E49A00149263 /* GolfInfoViewController.swift in Sources */ = {isa = PBXBuildFile; fileRef = D1121D242830E49A00149263 /* GolfInfoViewController.swift */; };
		D1121D272830E4A300149263 /* GolfInfoViewModel.swift in Sources */ = {isa = PBXBuildFile; fileRef = D1121D262830E4A300149263 /* GolfInfoViewModel.swift */; };
		D11FD9AE281F6D50008AE32A /* PhoneViewModel.swift in Sources */ = {isa = PBXBuildFile; fileRef = D11FD9AD281F6D50008AE32A /* PhoneViewModel.swift */; };
		D11FD9B1281F74A5008AE32A /* CheckNumberViewController.swift in Sources */ = {isa = PBXBuildFile; fileRef = D11FD9B0281F74A5008AE32A /* CheckNumberViewController.swift */; };
		D1329DF3281FF2AD00760DDA /* CommonViews.swift in Sources */ = {isa = PBXBuildFile; fileRef = D1329DF2281FF2AD00760DDA /* CommonViews.swift */; };
		D15391C928210A4900E12140 /* CommonBackendType.swift in Sources */ = {isa = PBXBuildFile; fileRef = D15391C828210A4900E12140 /* CommonBackendType.swift */; };
		D16A5FC4282B82F700A75D9E /* ViewController+.swift in Sources */ = {isa = PBXBuildFile; fileRef = D16A5FC3282B82F700A75D9E /* ViewController+.swift */; };
		D16A5FC6282B9AE200A75D9E /* BarCell.swift in Sources */ = {isa = PBXBuildFile; fileRef = D16A5FC5282B9AE200A75D9E /* BarCell.swift */; };
		D180FA7F281FF48E0004FECF /* CheckNumberViewModel.swift in Sources */ = {isa = PBXBuildFile; fileRef = D180FA7E281FF48E0004FECF /* CheckNumberViewModel.swift */; };
		D199F3872827C2B200E3F892 /* InstagramManager.swift in Sources */ = {isa = PBXBuildFile; fileRef = D199F3862827C2B200E3F892 /* InstagramManager.swift */; };
		D19A9DAB2822C4C700552C15 /* View+.swift in Sources */ = {isa = PBXBuildFile; fileRef = D19A9DAA2822C4C700552C15 /* View+.swift */; };
		D1A99CC328210FB300E414E4 /* AuthManager.swift in Sources */ = {isa = PBXBuildFile; fileRef = D1A99CC228210FB300E414E4 /* AuthManager.swift */; };
		D1A99CC6282113D600E414E4 /* CertiFailedViewController.swift in Sources */ = {isa = PBXBuildFile; fileRef = D1A99CC5282113D600E414E4 /* CertiFailedViewController.swift */; };
		D1A99CC928211BAE00E414E4 /* AddressViewController.swift in Sources */ = {isa = PBXBuildFile; fileRef = D1A99CC828211BAE00E414E4 /* AddressViewController.swift */; };
		D1A99CCB28211BBC00E414E4 /* Address.storyboard in Resources */ = {isa = PBXBuildFile; fileRef = D1A99CCA28211BBC00E414E4 /* Address.storyboard */; };
		D1A99CCE28211F2500E414E4 /* Juso.swift in Sources */ = {isa = PBXBuildFile; fileRef = D1A99CCD28211F2500E414E4 /* Juso.swift */; };
		D1A99CD02821220300E414E4 /* AddressViewModel.swift in Sources */ = {isa = PBXBuildFile; fileRef = D1A99CCF2821220300E414E4 /* AddressViewModel.swift */; };
		D1A99CD32821239E00E414E4 /* AddressCell.swift in Sources */ = {isa = PBXBuildFile; fileRef = D1A99CD22821239E00E414E4 /* AddressCell.swift */; };
		D1AA5CB5281EA41100279CC8 /* Auth.storyboard in Resources */ = {isa = PBXBuildFile; fileRef = D1AA5CB4281EA41100279CC8 /* Auth.storyboard */; };
		D1AA5CB7281EA50700279CC8 /* SigninViewController.swift in Sources */ = {isa = PBXBuildFile; fileRef = D1AA5CB6281EA50700279CC8 /* SigninViewController.swift */; };
		D1AA5CBA281EAEAD00279CC8 /* Color+.swift in Sources */ = {isa = PBXBuildFile; fileRef = D1AA5CB9281EAEAD00279CC8 /* Color+.swift */; };
		D1AA5CBC281EAF1A00279CC8 /* PhoneViewController.swift in Sources */ = {isa = PBXBuildFile; fileRef = D1AA5CBB281EAF1A00279CC8 /* PhoneViewController.swift */; };
		D1B8EB8C282FC20800576970 /* UserInfo.storyboard in Resources */ = {isa = PBXBuildFile; fileRef = D1B8EB8B282FC20800576970 /* UserInfo.storyboard */; };
		D1B8EB8E282FC21300576970 /* UserInfoViewController.swift in Sources */ = {isa = PBXBuildFile; fileRef = D1B8EB8D282FC21300576970 /* UserInfoViewController.swift */; };
		D1B8EB90282FC21A00576970 /* UserInfoViewModel.swift in Sources */ = {isa = PBXBuildFile; fileRef = D1B8EB8F282FC21A00576970 /* UserInfoViewModel.swift */; };
		D1C89ED72822B3E900DAA2F4 /* fieldByUITests.swift in Sources */ = {isa = PBXBuildFile; fileRef = D1C89ED62822B3E900DAA2F4 /* fieldByUITests.swift */; };
		D1C89ED92822B3E900DAA2F4 /* fieldByUITestsLaunchTests.swift in Sources */ = {isa = PBXBuildFile; fileRef = D1C89ED82822B3E900DAA2F4 /* fieldByUITestsLaunchTests.swift */; };
		D1C89EE02822B65C00DAA2F4 /* MainTabBarController.swift in Sources */ = {isa = PBXBuildFile; fileRef = D1C89EDF2822B65C00DAA2F4 /* MainTabBarController.swift */; };
		D1C89EE52822B6E200DAA2F4 /* Campaign.storyboard in Resources */ = {isa = PBXBuildFile; fileRef = D1C89EE42822B6E200DAA2F4 /* Campaign.storyboard */; };
		D1C89EE72822B6EE00DAA2F4 /* CampaignViewController.swift in Sources */ = {isa = PBXBuildFile; fileRef = D1C89EE62822B6EE00DAA2F4 /* CampaignViewController.swift */; };
		D1C89EE92822B6FC00DAA2F4 /* Progress.storyboard in Resources */ = {isa = PBXBuildFile; fileRef = D1C89EE82822B6FC00DAA2F4 /* Progress.storyboard */; };
		D1C89EEB2822B70300DAA2F4 /* ProgressViewController.swift in Sources */ = {isa = PBXBuildFile; fileRef = D1C89EEA2822B70300DAA2F4 /* ProgressViewController.swift */; };
		D1C89EED2822B70F00DAA2F4 /* Info.storyboard in Resources */ = {isa = PBXBuildFile; fileRef = D1C89EEC2822B70F00DAA2F4 /* Info.storyboard */; };
		D1C89EEF2822B71500DAA2F4 /* InfoViewController.swift in Sources */ = {isa = PBXBuildFile; fileRef = D1C89EEE2822B71500DAA2F4 /* InfoViewController.swift */; };
		D1EA5D9F282535E7000E35A0 /* MyUserModel.swift in Sources */ = {isa = PBXBuildFile; fileRef = D1EA5D9E282535E7000E35A0 /* MyUserModel.swift */; };
		D1ED9E13282D1A9100855641 /* CampaignManager.swift in Sources */ = {isa = PBXBuildFile; fileRef = D1ED9E12282D1A9100855641 /* CampaignManager.swift */; };
		D1FC0800282D2982006ED153 /* CampaignViewModel.swift in Sources */ = {isa = PBXBuildFile; fileRef = D1FC07FF282D2982006ED153 /* CampaignViewModel.swift */; };
		D1FC0803282D3FE8006ED153 /* DetailCampaignViewController.swift in Sources */ = {isa = PBXBuildFile; fileRef = D1FC0802282D3FE8006ED153 /* DetailCampaignViewController.swift */; };
		D1FC0805282D3FF2006ED153 /* DetailCampaignViewModel.swift in Sources */ = {isa = PBXBuildFile; fileRef = D1FC0804282D3FF2006ED153 /* DetailCampaignViewModel.swift */; };
		D1FC080A282D443C006ED153 /* CampaignModel.swift in Sources */ = {isa = PBXBuildFile; fileRef = D1FC0809282D443C006ED153 /* CampaignModel.swift */; };
/* End PBXBuildFile section */

/* Begin PBXContainerItemProxy section */
		D1C89EDA2822B3E900DAA2F4 /* PBXContainerItemProxy */ = {
			isa = PBXContainerItemProxy;
			containerPortal = D106B09C281EA2A400E6CCFA /* Project object */;
			proxyType = 1;
			remoteGlobalIDString = D106B0A3281EA2A400E6CCFA;
			remoteInfo = fieldBy;
		};
/* End PBXContainerItemProxy section */

/* Begin PBXFileReference section */
		687B4805590AC52870DA0137 /* Pods-fieldBy.release.xcconfig */ = {isa = PBXFileReference; includeInIndex = 1; lastKnownFileType = text.xcconfig; name = "Pods-fieldBy.release.xcconfig"; path = "Target Support Files/Pods-fieldBy/Pods-fieldBy.release.xcconfig"; sourceTree = "<group>"; };
		AA4D456A8B0CC37E589C7E22 /* Pods_fieldBy.framework */ = {isa = PBXFileReference; explicitFileType = wrapper.framework; includeInIndex = 0; path = Pods_fieldBy.framework; sourceTree = BUILT_PRODUCTS_DIR; };
		D106B0A4281EA2A400E6CCFA /* fieldBy.app */ = {isa = PBXFileReference; explicitFileType = wrapper.application; includeInIndex = 0; path = fieldBy.app; sourceTree = BUILT_PRODUCTS_DIR; };
		D106B0A7281EA2A400E6CCFA /* AppDelegate.swift */ = {isa = PBXFileReference; lastKnownFileType = sourcecode.swift; path = AppDelegate.swift; sourceTree = "<group>"; };
		D106B0A9281EA2A400E6CCFA /* SceneDelegate.swift */ = {isa = PBXFileReference; lastKnownFileType = sourcecode.swift; path = SceneDelegate.swift; sourceTree = "<group>"; };
		D106B0AB281EA2A400E6CCFA /* ViewController.swift */ = {isa = PBXFileReference; lastKnownFileType = sourcecode.swift; path = ViewController.swift; sourceTree = "<group>"; };
		D106B0AE281EA2A400E6CCFA /* Base */ = {isa = PBXFileReference; lastKnownFileType = file.storyboard; name = Base; path = Base.lproj/Main.storyboard; sourceTree = "<group>"; };
		D106B0B0281EA2A500E6CCFA /* Assets.xcassets */ = {isa = PBXFileReference; lastKnownFileType = folder.assetcatalog; path = Assets.xcassets; sourceTree = "<group>"; };
		D106B0B3281EA2A500E6CCFA /* Base */ = {isa = PBXFileReference; lastKnownFileType = file.storyboard; name = Base; path = Base.lproj/LaunchScreen.storyboard; sourceTree = "<group>"; };
		D106B0B5281EA2A500E6CCFA /* Info.plist */ = {isa = PBXFileReference; lastKnownFileType = text.plist.xml; path = Info.plist; sourceTree = "<group>"; };
		D11155E5282A650300C9ECA1 /* fieldBy.entitlements */ = {isa = PBXFileReference; lastKnownFileType = text.plist.entitlements; path = fieldBy.entitlements; sourceTree = "<group>"; };
		D1121D1F2830D2B000149263 /* GoogleService-Info.plist */ = {isa = PBXFileReference; fileEncoding = 4; lastKnownFileType = text.plist.xml; path = "GoogleService-Info.plist"; sourceTree = "<group>"; };
		D1121D212830E31500149263 /* GolfInfo.swift */ = {isa = PBXFileReference; lastKnownFileType = sourcecode.swift; path = GolfInfo.swift; sourceTree = "<group>"; };
		D1121D242830E49A00149263 /* GolfInfoViewController.swift */ = {isa = PBXFileReference; lastKnownFileType = sourcecode.swift; path = GolfInfoViewController.swift; sourceTree = "<group>"; };
		D1121D262830E4A300149263 /* GolfInfoViewModel.swift */ = {isa = PBXFileReference; lastKnownFileType = sourcecode.swift; path = GolfInfoViewModel.swift; sourceTree = "<group>"; };
		D11FD9AD281F6D50008AE32A /* PhoneViewModel.swift */ = {isa = PBXFileReference; lastKnownFileType = sourcecode.swift; path = PhoneViewModel.swift; sourceTree = "<group>"; };
		D11FD9B0281F74A5008AE32A /* CheckNumberViewController.swift */ = {isa = PBXFileReference; lastKnownFileType = sourcecode.swift; path = CheckNumberViewController.swift; sourceTree = "<group>"; };
		D1329DF2281FF2AD00760DDA /* CommonViews.swift */ = {isa = PBXFileReference; lastKnownFileType = sourcecode.swift; path = CommonViews.swift; sourceTree = "<group>"; };
		D15391C828210A4900E12140 /* CommonBackendType.swift */ = {isa = PBXFileReference; lastKnownFileType = sourcecode.swift; path = CommonBackendType.swift; sourceTree = "<group>"; };
		D16A5FC3282B82F700A75D9E /* ViewController+.swift */ = {isa = PBXFileReference; lastKnownFileType = sourcecode.swift; path = "ViewController+.swift"; sourceTree = "<group>"; };
		D16A5FC5282B9AE200A75D9E /* BarCell.swift */ = {isa = PBXFileReference; lastKnownFileType = sourcecode.swift; path = BarCell.swift; sourceTree = "<group>"; };
		D180FA7E281FF48E0004FECF /* CheckNumberViewModel.swift */ = {isa = PBXFileReference; lastKnownFileType = sourcecode.swift; path = CheckNumberViewModel.swift; sourceTree = "<group>"; };
		D199F3862827C2B200E3F892 /* InstagramManager.swift */ = {isa = PBXFileReference; lastKnownFileType = sourcecode.swift; path = InstagramManager.swift; sourceTree = "<group>"; };
		D19A9DAA2822C4C700552C15 /* View+.swift */ = {isa = PBXFileReference; lastKnownFileType = sourcecode.swift; path = "View+.swift"; sourceTree = "<group>"; };
		D1A99CC228210FB300E414E4 /* AuthManager.swift */ = {isa = PBXFileReference; lastKnownFileType = sourcecode.swift; path = AuthManager.swift; sourceTree = "<group>"; };
		D1A99CC5282113D600E414E4 /* CertiFailedViewController.swift */ = {isa = PBXFileReference; lastKnownFileType = sourcecode.swift; path = CertiFailedViewController.swift; sourceTree = "<group>"; };
		D1A99CC828211BAE00E414E4 /* AddressViewController.swift */ = {isa = PBXFileReference; lastKnownFileType = sourcecode.swift; path = AddressViewController.swift; sourceTree = "<group>"; };
		D1A99CCA28211BBC00E414E4 /* Address.storyboard */ = {isa = PBXFileReference; lastKnownFileType = file.storyboard; path = Address.storyboard; sourceTree = "<group>"; };
		D1A99CCD28211F2500E414E4 /* Juso.swift */ = {isa = PBXFileReference; lastKnownFileType = sourcecode.swift; path = Juso.swift; sourceTree = "<group>"; };
		D1A99CCF2821220300E414E4 /* AddressViewModel.swift */ = {isa = PBXFileReference; lastKnownFileType = sourcecode.swift; path = AddressViewModel.swift; sourceTree = "<group>"; };
		D1A99CD22821239E00E414E4 /* AddressCell.swift */ = {isa = PBXFileReference; lastKnownFileType = sourcecode.swift; path = AddressCell.swift; sourceTree = "<group>"; };
		D1AA5CB4281EA41100279CC8 /* Auth.storyboard */ = {isa = PBXFileReference; lastKnownFileType = file.storyboard; path = Auth.storyboard; sourceTree = "<group>"; };
		D1AA5CB6281EA50700279CC8 /* SigninViewController.swift */ = {isa = PBXFileReference; lastKnownFileType = sourcecode.swift; path = SigninViewController.swift; sourceTree = "<group>"; };
		D1AA5CB9281EAEAD00279CC8 /* Color+.swift */ = {isa = PBXFileReference; lastKnownFileType = sourcecode.swift; path = "Color+.swift"; sourceTree = "<group>"; };
		D1AA5CBB281EAF1A00279CC8 /* PhoneViewController.swift */ = {isa = PBXFileReference; lastKnownFileType = sourcecode.swift; path = PhoneViewController.swift; sourceTree = "<group>"; };
		D1B8EB8B282FC20800576970 /* UserInfo.storyboard */ = {isa = PBXFileReference; lastKnownFileType = file.storyboard; path = UserInfo.storyboard; sourceTree = "<group>"; };
		D1B8EB8D282FC21300576970 /* UserInfoViewController.swift */ = {isa = PBXFileReference; lastKnownFileType = sourcecode.swift; path = UserInfoViewController.swift; sourceTree = "<group>"; };
		D1B8EB8F282FC21A00576970 /* UserInfoViewModel.swift */ = {isa = PBXFileReference; lastKnownFileType = sourcecode.swift; path = UserInfoViewModel.swift; sourceTree = "<group>"; };
		D1C89ED42822B3E900DAA2F4 /* fieldByUITests.xctest */ = {isa = PBXFileReference; explicitFileType = wrapper.cfbundle; includeInIndex = 0; path = fieldByUITests.xctest; sourceTree = BUILT_PRODUCTS_DIR; };
		D1C89ED62822B3E900DAA2F4 /* fieldByUITests.swift */ = {isa = PBXFileReference; lastKnownFileType = sourcecode.swift; path = fieldByUITests.swift; sourceTree = "<group>"; };
		D1C89ED82822B3E900DAA2F4 /* fieldByUITestsLaunchTests.swift */ = {isa = PBXFileReference; lastKnownFileType = sourcecode.swift; path = fieldByUITestsLaunchTests.swift; sourceTree = "<group>"; };
		D1C89EDF2822B65C00DAA2F4 /* MainTabBarController.swift */ = {isa = PBXFileReference; lastKnownFileType = sourcecode.swift; path = MainTabBarController.swift; sourceTree = "<group>"; };
		D1C89EE42822B6E200DAA2F4 /* Campaign.storyboard */ = {isa = PBXFileReference; lastKnownFileType = file.storyboard; path = Campaign.storyboard; sourceTree = "<group>"; };
		D1C89EE62822B6EE00DAA2F4 /* CampaignViewController.swift */ = {isa = PBXFileReference; lastKnownFileType = sourcecode.swift; path = CampaignViewController.swift; sourceTree = "<group>"; };
		D1C89EE82822B6FC00DAA2F4 /* Progress.storyboard */ = {isa = PBXFileReference; lastKnownFileType = file.storyboard; path = Progress.storyboard; sourceTree = "<group>"; };
		D1C89EEA2822B70300DAA2F4 /* ProgressViewController.swift */ = {isa = PBXFileReference; lastKnownFileType = sourcecode.swift; path = ProgressViewController.swift; sourceTree = "<group>"; };
		D1C89EEC2822B70F00DAA2F4 /* Info.storyboard */ = {isa = PBXFileReference; lastKnownFileType = file.storyboard; path = Info.storyboard; sourceTree = "<group>"; };
		D1C89EEE2822B71500DAA2F4 /* InfoViewController.swift */ = {isa = PBXFileReference; lastKnownFileType = sourcecode.swift; path = InfoViewController.swift; sourceTree = "<group>"; };
		D1EA5D9E282535E7000E35A0 /* MyUserModel.swift */ = {isa = PBXFileReference; lastKnownFileType = sourcecode.swift; path = MyUserModel.swift; sourceTree = "<group>"; };
		D1ED9E12282D1A9100855641 /* CampaignManager.swift */ = {isa = PBXFileReference; lastKnownFileType = sourcecode.swift; path = CampaignManager.swift; sourceTree = "<group>"; };
		D1FC07FF282D2982006ED153 /* CampaignViewModel.swift */ = {isa = PBXFileReference; lastKnownFileType = sourcecode.swift; path = CampaignViewModel.swift; sourceTree = "<group>"; };
		D1FC0802282D3FE8006ED153 /* DetailCampaignViewController.swift */ = {isa = PBXFileReference; lastKnownFileType = sourcecode.swift; path = DetailCampaignViewController.swift; sourceTree = "<group>"; };
		D1FC0804282D3FF2006ED153 /* DetailCampaignViewModel.swift */ = {isa = PBXFileReference; lastKnownFileType = sourcecode.swift; path = DetailCampaignViewModel.swift; sourceTree = "<group>"; };
		D1FC0809282D443C006ED153 /* CampaignModel.swift */ = {isa = PBXFileReference; lastKnownFileType = sourcecode.swift; path = CampaignModel.swift; sourceTree = "<group>"; };
		E8B21A1856005D1A76BCE0CE /* Pods-fieldBy.debug.xcconfig */ = {isa = PBXFileReference; includeInIndex = 1; lastKnownFileType = text.xcconfig; name = "Pods-fieldBy.debug.xcconfig"; path = "Target Support Files/Pods-fieldBy/Pods-fieldBy.debug.xcconfig"; sourceTree = "<group>"; };
/* End PBXFileReference section */

/* Begin PBXFrameworksBuildPhase section */
		D106B0A1281EA2A400E6CCFA /* Frameworks */ = {
			isa = PBXFrameworksBuildPhase;
			buildActionMask = 2147483647;
			files = (
				007C7467FE54FC4D3148B1CE /* Pods_fieldBy.framework in Frameworks */,
			);
			runOnlyForDeploymentPostprocessing = 0;
		};
		D1C89ED12822B3E900DAA2F4 /* Frameworks */ = {
			isa = PBXFrameworksBuildPhase;
			buildActionMask = 2147483647;
			files = (
			);
			runOnlyForDeploymentPostprocessing = 0;
		};
/* End PBXFrameworksBuildPhase section */

/* Begin PBXGroup section */
		71CC33B79559447C9BA1B6A8 /* Frameworks */ = {
			isa = PBXGroup;
			children = (
				AA4D456A8B0CC37E589C7E22 /* Pods_fieldBy.framework */,
			);
			name = Frameworks;
			sourceTree = "<group>";
		};
		90F845F1868498C553241680 /* Pods */ = {
			isa = PBXGroup;
			children = (
				E8B21A1856005D1A76BCE0CE /* Pods-fieldBy.debug.xcconfig */,
				687B4805590AC52870DA0137 /* Pods-fieldBy.release.xcconfig */,
			);
			path = Pods;
			sourceTree = "<group>";
		};
		D106B09B281EA2A400E6CCFA = {
			isa = PBXGroup;
			children = (
				D106B0A6281EA2A400E6CCFA /* fieldBy */,
				D1C89ED52822B3E900DAA2F4 /* fieldByUITests */,
				D106B0A5281EA2A400E6CCFA /* Products */,
				90F845F1868498C553241680 /* Pods */,
				71CC33B79559447C9BA1B6A8 /* Frameworks */,
			);
			sourceTree = "<group>";
		};
		D106B0A5281EA2A400E6CCFA /* Products */ = {
			isa = PBXGroup;
			children = (
				D106B0A4281EA2A400E6CCFA /* fieldBy.app */,
				D1C89ED42822B3E900DAA2F4 /* fieldByUITests.xctest */,
			);
			name = Products;
			sourceTree = "<group>";
		};
		D106B0A6281EA2A400E6CCFA /* fieldBy */ = {
			isa = PBXGroup;
			children = (
				D11155E5282A650300C9ECA1 /* fieldBy.entitlements */,
				D1A99CCC28211F1F00E414E4 /* Models */,
				D15391C728210A4100E12140 /* Backend */,
				D1329DF1281FF2A200760DDA /* Singletons */,
				D1B9A10B281FDC8100389BC1 /* System */,
				D1AA5CB8281EAEA300279CC8 /* Extension */,
				D1AA5CB3281EA40500279CC8 /* Main */,
				D1AA5CB2281EA40000279CC8 /* Auth */,
				D106B0B0281EA2A500E6CCFA /* Assets.xcassets */,
				D1121D1F2830D2B000149263 /* GoogleService-Info.plist */,
				D106B0B5281EA2A500E6CCFA /* Info.plist */,
			);
			path = fieldBy;
			sourceTree = "<group>";
		};
		D1121D232830E48D00149263 /* GolfInfo */ = {
			isa = PBXGroup;
			children = (
				D1121D242830E49A00149263 /* GolfInfoViewController.swift */,
				D1121D262830E4A300149263 /* GolfInfoViewModel.swift */,
			);
			path = GolfInfo;
			sourceTree = "<group>";
		};
		D11FD9AC281F6D44008AE32A /* Phone */ = {
			isa = PBXGroup;
			children = (
				D1AA5CBB281EAF1A00279CC8 /* PhoneViewController.swift */,
				D11FD9AD281F6D50008AE32A /* PhoneViewModel.swift */,
			);
			path = Phone;
			sourceTree = "<group>";
		};
		D11FD9AF281F7474008AE32A /* Check */ = {
			isa = PBXGroup;
			children = (
				D11FD9B0281F74A5008AE32A /* CheckNumberViewController.swift */,
				D180FA7E281FF48E0004FECF /* CheckNumberViewModel.swift */,
			);
			path = Check;
			sourceTree = "<group>";
		};
		D1329DF1281FF2A200760DDA /* Singletons */ = {
			isa = PBXGroup;
			children = (
				D1329DF2281FF2AD00760DDA /* CommonViews.swift */,
			);
			path = Singletons;
			sourceTree = "<group>";
		};
		D15391C728210A4100E12140 /* Backend */ = {
			isa = PBXGroup;
			children = (
				D15391C828210A4900E12140 /* CommonBackendType.swift */,
				D1A99CC228210FB300E414E4 /* AuthManager.swift */,
				D199F3862827C2B200E3F892 /* InstagramManager.swift */,
				D1ED9E12282D1A9100855641 /* CampaignManager.swift */,
			);
			path = Backend;
			sourceTree = "<group>";
		};
		D171E9DA2827D53F005FE939 /* Cell */ = {
			isa = PBXGroup;
			children = (
				D16A5FC5282B9AE200A75D9E /* BarCell.swift */,
			);
			path = Cell;
			sourceTree = "<group>";
		};
		D1A99CC4282113C500E414E4 /* CeritificationFailed */ = {
			isa = PBXGroup;
			children = (
				D1A99CC5282113D600E414E4 /* CertiFailedViewController.swift */,
			);
			path = CeritificationFailed;
			sourceTree = "<group>";
		};
		D1A99CC728211B9B00E414E4 /* Address */ = {
			isa = PBXGroup;
			children = (
				D1A99CD12821238F00E414E4 /* Cell */,
				D1A99CCA28211BBC00E414E4 /* Address.storyboard */,
				D1A99CC828211BAE00E414E4 /* AddressViewController.swift */,
				D1A99CCF2821220300E414E4 /* AddressViewModel.swift */,
			);
			path = Address;
			sourceTree = "<group>";
		};
		D1A99CCC28211F1F00E414E4 /* Models */ = {
			isa = PBXGroup;
			children = (
				D1FC0806282D442B006ED153 /* Campaign */,
				D1A99CCD28211F2500E414E4 /* Juso.swift */,
				D1EA5D9E282535E7000E35A0 /* MyUserModel.swift */,
				D1121D212830E31500149263 /* GolfInfo.swift */,
			);
			path = Models;
			sourceTree = "<group>";
		};
		D1A99CD12821238F00E414E4 /* Cell */ = {
			isa = PBXGroup;
			children = (
				D1A99CD22821239E00E414E4 /* AddressCell.swift */,
			);
			path = Cell;
			sourceTree = "<group>";
		};
		D1AA5CB2281EA40000279CC8 /* Auth */ = {
			isa = PBXGroup;
			children = (
				D11FD9AC281F6D44008AE32A /* Phone */,
				D1A99CC4282113C500E414E4 /* CeritificationFailed */,
				D11FD9AF281F7474008AE32A /* Check */,
				D1A99CC728211B9B00E414E4 /* Address */,
				D1B8EB8A282FC1C600576970 /* UserInfo */,
				D1AA5CB4281EA41100279CC8 /* Auth.storyboard */,
				D1AA5CB6281EA50700279CC8 /* SigninViewController.swift */,
			);
			path = Auth;
			sourceTree = "<group>";
		};
		D1AA5CB3281EA40500279CC8 /* Main */ = {
			isa = PBXGroup;
			children = (
				D1C89EE32822B6D800DAA2F4 /* Info */,
				D1C89EE22822B6C300DAA2F4 /* Progress */,
				D1C89EE12822B6AC00DAA2F4 /* Campaign */,
				D106B0AD281EA2A400E6CCFA /* Main.storyboard */,
				D1C89EDF2822B65C00DAA2F4 /* MainTabBarController.swift */,
			);
			path = Main;
			sourceTree = "<group>";
		};
		D1AA5CB8281EAEA300279CC8 /* Extension */ = {
			isa = PBXGroup;
			children = (
				D1AA5CB9281EAEAD00279CC8 /* Color+.swift */,
				D19A9DAA2822C4C700552C15 /* View+.swift */,
				D16A5FC3282B82F700A75D9E /* ViewController+.swift */,
			);
			path = Extension;
			sourceTree = "<group>";
		};
		D1B8EB8A282FC1C600576970 /* UserInfo */ = {
			isa = PBXGroup;
			children = (
				D1121D232830E48D00149263 /* GolfInfo */,
				D1B8EB8B282FC20800576970 /* UserInfo.storyboard */,
				D1B8EB8D282FC21300576970 /* UserInfoViewController.swift */,
				D1B8EB8F282FC21A00576970 /* UserInfoViewModel.swift */,
			);
			path = UserInfo;
			sourceTree = "<group>";
		};
		D1B9A10B281FDC8100389BC1 /* System */ = {
			isa = PBXGroup;
			children = (
				D106B0AB281EA2A400E6CCFA /* ViewController.swift */,
				D106B0A9281EA2A400E6CCFA /* SceneDelegate.swift */,
				D106B0A7281EA2A400E6CCFA /* AppDelegate.swift */,
				D106B0B2281EA2A500E6CCFA /* LaunchScreen.storyboard */,
			);
			path = System;
			sourceTree = "<group>";
		};
		D1C89ED52822B3E900DAA2F4 /* fieldByUITests */ = {
			isa = PBXGroup;
			children = (
				D1C89ED62822B3E900DAA2F4 /* fieldByUITests.swift */,
				D1C89ED82822B3E900DAA2F4 /* fieldByUITestsLaunchTests.swift */,
			);
			path = fieldByUITests;
			sourceTree = "<group>";
		};
		D1C89EE12822B6AC00DAA2F4 /* Campaign */ = {
			isa = PBXGroup;
			children = (
				D1FC0801282D3ED2006ED153 /* Detail */,
				D171E9DA2827D53F005FE939 /* Cell */,
				D1C89EE42822B6E200DAA2F4 /* Campaign.storyboard */,
				D1C89EE62822B6EE00DAA2F4 /* CampaignViewController.swift */,
				D1FC07FF282D2982006ED153 /* CampaignViewModel.swift */,
			);
			path = Campaign;
			sourceTree = "<group>";
		};
		D1C89EE22822B6C300DAA2F4 /* Progress */ = {
			isa = PBXGroup;
			children = (
				D1C89EE82822B6FC00DAA2F4 /* Progress.storyboard */,
				D1C89EEA2822B70300DAA2F4 /* ProgressViewController.swift */,
			);
			path = Progress;
			sourceTree = "<group>";
		};
		D1C89EE32822B6D800DAA2F4 /* Info */ = {
			isa = PBXGroup;
			children = (
				D1C89EEC2822B70F00DAA2F4 /* Info.storyboard */,
				D1C89EEE2822B71500DAA2F4 /* InfoViewController.swift */,
			);
			path = Info;
			sourceTree = "<group>";
		};
		D1FC0801282D3ED2006ED153 /* Detail */ = {
			isa = PBXGroup;
			children = (
				D1FC0802282D3FE8006ED153 /* DetailCampaignViewController.swift */,
				D1FC0804282D3FF2006ED153 /* DetailCampaignViewModel.swift */,
			);
			path = Detail;
			sourceTree = "<group>";
		};
		D1FC0806282D442B006ED153 /* Campaign */ = {
			isa = PBXGroup;
			children = (
				D1FC0809282D443C006ED153 /* CampaignModel.swift */,
			);
			path = Campaign;
			sourceTree = "<group>";
		};
/* End PBXGroup section */

/* Begin PBXNativeTarget section */
		D106B0A3281EA2A400E6CCFA /* fieldBy */ = {
			isa = PBXNativeTarget;
			buildConfigurationList = D106B0B8281EA2A500E6CCFA /* Build configuration list for PBXNativeTarget "fieldBy" */;
			buildPhases = (
				2C28B6D30335E1E03351D398 /* [CP] Check Pods Manifest.lock */,
				D106B0A0281EA2A400E6CCFA /* Sources */,
				D106B0A1281EA2A400E6CCFA /* Frameworks */,
				D106B0A2281EA2A400E6CCFA /* Resources */,
				83F7EB6BE6977BB28431F55F /* [CP] Embed Pods Frameworks */,
			);
			buildRules = (
			);
			dependencies = (
			);
			name = fieldBy;
			packageProductDependencies = (
			);
			productName = fieldBy;
			productReference = D106B0A4281EA2A400E6CCFA /* fieldBy.app */;
			productType = "com.apple.product-type.application";
		};
		D1C89ED32822B3E900DAA2F4 /* fieldByUITests */ = {
			isa = PBXNativeTarget;
			buildConfigurationList = D1C89EDE2822B3E900DAA2F4 /* Build configuration list for PBXNativeTarget "fieldByUITests" */;
			buildPhases = (
				D1C89ED02822B3E900DAA2F4 /* Sources */,
				D1C89ED12822B3E900DAA2F4 /* Frameworks */,
				D1C89ED22822B3E900DAA2F4 /* Resources */,
			);
			buildRules = (
			);
			dependencies = (
				D1C89EDB2822B3E900DAA2F4 /* PBXTargetDependency */,
			);
			name = fieldByUITests;
			productName = fieldByUITests;
			productReference = D1C89ED42822B3E900DAA2F4 /* fieldByUITests.xctest */;
			productType = "com.apple.product-type.bundle.ui-testing";
		};
/* End PBXNativeTarget section */

/* Begin PBXProject section */
		D106B09C281EA2A400E6CCFA /* Project object */ = {
			isa = PBXProject;
			attributes = {
				BuildIndependentTargetsInParallel = 1;
				LastSwiftUpdateCheck = 1330;
				LastUpgradeCheck = 1330;
				TargetAttributes = {
					D106B0A3281EA2A400E6CCFA = {
						CreatedOnToolsVersion = 13.3.1;
					};
					D1C89ED32822B3E900DAA2F4 = {
						CreatedOnToolsVersion = 13.3.1;
						TestTargetID = D106B0A3281EA2A400E6CCFA;
					};
				};
			};
			buildConfigurationList = D106B09F281EA2A400E6CCFA /* Build configuration list for PBXProject "fieldBy" */;
			compatibilityVersion = "Xcode 13.0";
			developmentRegion = en;
			hasScannedForEncodings = 0;
			knownRegions = (
				en,
				Base,
			);
			mainGroup = D106B09B281EA2A400E6CCFA;
			packageReferences = (
			);
			productRefGroup = D106B0A5281EA2A400E6CCFA /* Products */;
			projectDirPath = "";
			projectRoot = "";
			targets = (
				D106B0A3281EA2A400E6CCFA /* fieldBy */,
				D1C89ED32822B3E900DAA2F4 /* fieldByUITests */,
			);
		};
/* End PBXProject section */

/* Begin PBXResourcesBuildPhase section */
		D106B0A2281EA2A400E6CCFA /* Resources */ = {
			isa = PBXResourcesBuildPhase;
			buildActionMask = 2147483647;
			files = (
				D1C89EED2822B70F00DAA2F4 /* Info.storyboard in Resources */,
				D1B8EB8C282FC20800576970 /* UserInfo.storyboard in Resources */,
				D1AA5CB5281EA41100279CC8 /* Auth.storyboard in Resources */,
				D1A99CCB28211BBC00E414E4 /* Address.storyboard in Resources */,
				D106B0B4281EA2A500E6CCFA /* LaunchScreen.storyboard in Resources */,
				D1C89EE52822B6E200DAA2F4 /* Campaign.storyboard in Resources */,
				D106B0B1281EA2A500E6CCFA /* Assets.xcassets in Resources */,
				D1121D202830D2B000149263 /* GoogleService-Info.plist in Resources */,
				D106B0AF281EA2A400E6CCFA /* Main.storyboard in Resources */,
				D1C89EE92822B6FC00DAA2F4 /* Progress.storyboard in Resources */,
			);
			runOnlyForDeploymentPostprocessing = 0;
		};
		D1C89ED22822B3E900DAA2F4 /* Resources */ = {
			isa = PBXResourcesBuildPhase;
			buildActionMask = 2147483647;
			files = (
			);
			runOnlyForDeploymentPostprocessing = 0;
		};
/* End PBXResourcesBuildPhase section */

/* Begin PBXShellScriptBuildPhase section */
		2C28B6D30335E1E03351D398 /* [CP] Check Pods Manifest.lock */ = {
			isa = PBXShellScriptBuildPhase;
			buildActionMask = 2147483647;
			files = (
			);
			inputFileListPaths = (
			);
			inputPaths = (
				"${PODS_PODFILE_DIR_PATH}/Podfile.lock",
				"${PODS_ROOT}/Manifest.lock",
			);
			name = "[CP] Check Pods Manifest.lock";
			outputFileListPaths = (
			);
			outputPaths = (
				"$(DERIVED_FILE_DIR)/Pods-fieldBy-checkManifestLockResult.txt",
			);
			runOnlyForDeploymentPostprocessing = 0;
			shellPath = /bin/sh;
			shellScript = "diff \"${PODS_PODFILE_DIR_PATH}/Podfile.lock\" \"${PODS_ROOT}/Manifest.lock\" > /dev/null\nif [ $? != 0 ] ; then\n    # print error to STDERR\n    echo \"error: The sandbox is not in sync with the Podfile.lock. Run 'pod install' or update your CocoaPods installation.\" >&2\n    exit 1\nfi\n# This output is used by Xcode 'outputs' to avoid re-running this script phase.\necho \"SUCCESS\" > \"${SCRIPT_OUTPUT_FILE_0}\"\n";
			showEnvVarsInLog = 0;
		};
		83F7EB6BE6977BB28431F55F /* [CP] Embed Pods Frameworks */ = {
			isa = PBXShellScriptBuildPhase;
			buildActionMask = 2147483647;
			files = (
			);
			inputFileListPaths = (
				"${PODS_ROOT}/Target Support Files/Pods-fieldBy/Pods-fieldBy-frameworks-${CONFIGURATION}-input-files.xcfilelist",
			);
			name = "[CP] Embed Pods Frameworks";
			outputFileListPaths = (
				"${PODS_ROOT}/Target Support Files/Pods-fieldBy/Pods-fieldBy-frameworks-${CONFIGURATION}-output-files.xcfilelist",
			);
			runOnlyForDeploymentPostprocessing = 0;
			shellPath = /bin/sh;
			shellScript = "\"${PODS_ROOT}/Target Support Files/Pods-fieldBy/Pods-fieldBy-frameworks.sh\"\n";
			showEnvVarsInLog = 0;
		};
/* End PBXShellScriptBuildPhase section */

/* Begin PBXSourcesBuildPhase section */
		D106B0A0281EA2A400E6CCFA /* Sources */ = {
			isa = PBXSourcesBuildPhase;
			buildActionMask = 2147483647;
			files = (
				D180FA7F281FF48E0004FECF /* CheckNumberViewModel.swift in Sources */,
				D1B8EB8E282FC21300576970 /* UserInfoViewController.swift in Sources */,
				D199F3872827C2B200E3F892 /* InstagramManager.swift in Sources */,
				D1A99CC328210FB300E414E4 /* AuthManager.swift in Sources */,
				D11FD9B1281F74A5008AE32A /* CheckNumberViewController.swift in Sources */,
				D1B8EB90282FC21A00576970 /* UserInfoViewModel.swift in Sources */,
				D16A5FC6282B9AE200A75D9E /* BarCell.swift in Sources */,
				D16A5FC4282B82F700A75D9E /* ViewController+.swift in Sources */,
				D1C89EEB2822B70300DAA2F4 /* ProgressViewController.swift in Sources */,
				D1FC0803282D3FE8006ED153 /* DetailCampaignViewController.swift in Sources */,
				D1ED9E13282D1A9100855641 /* CampaignManager.swift in Sources */,
				D19A9DAB2822C4C700552C15 /* View+.swift in Sources */,
				D1A99CD02821220300E414E4 /* AddressViewModel.swift in Sources */,
				D1A99CCE28211F2500E414E4 /* Juso.swift in Sources */,
				D1A99CD32821239E00E414E4 /* AddressCell.swift in Sources */,
				D1AA5CB7281EA50700279CC8 /* SigninViewController.swift in Sources */,
				D1AA5CBA281EAEAD00279CC8 /* Color+.swift in Sources */,
				D1A99CC928211BAE00E414E4 /* AddressViewController.swift in Sources */,
				D11FD9AE281F6D50008AE32A /* PhoneViewModel.swift in Sources */,
				D1121D222830E31500149263 /* GolfInfo.swift in Sources */,
				D1C89EE72822B6EE00DAA2F4 /* CampaignViewController.swift in Sources */,
				D1C89EEF2822B71500DAA2F4 /* InfoViewController.swift in Sources */,
				D106B0AC281EA2A400E6CCFA /* ViewController.swift in Sources */,
				D1A99CC6282113D600E414E4 /* CertiFailedViewController.swift in Sources */,
				D15391C928210A4900E12140 /* CommonBackendType.swift in Sources */,
				D1C89EE02822B65C00DAA2F4 /* MainTabBarController.swift in Sources */,
				D1121D252830E49A00149263 /* GolfInfoViewController.swift in Sources */,
				D1EA5D9F282535E7000E35A0 /* MyUserModel.swift in Sources */,
				D1AA5CBC281EAF1A00279CC8 /* PhoneViewController.swift in Sources */,
				D106B0A8281EA2A400E6CCFA /* AppDelegate.swift in Sources */,
				D1121D272830E4A300149263 /* GolfInfoViewModel.swift in Sources */,
				D1FC0805282D3FF2006ED153 /* DetailCampaignViewModel.swift in Sources */,
				D1329DF3281FF2AD00760DDA /* CommonViews.swift in Sources */,
				D1FC0800282D2982006ED153 /* CampaignViewModel.swift in Sources */,
				D106B0AA281EA2A400E6CCFA /* SceneDelegate.swift in Sources */,
				D1FC080A282D443C006ED153 /* CampaignModel.swift in Sources */,
			);
			runOnlyForDeploymentPostprocessing = 0;
		};
		D1C89ED02822B3E900DAA2F4 /* Sources */ = {
			isa = PBXSourcesBuildPhase;
			buildActionMask = 2147483647;
			files = (
				D1C89ED92822B3E900DAA2F4 /* fieldByUITestsLaunchTests.swift in Sources */,
				D1C89ED72822B3E900DAA2F4 /* fieldByUITests.swift in Sources */,
			);
			runOnlyForDeploymentPostprocessing = 0;
		};
/* End PBXSourcesBuildPhase section */

/* Begin PBXTargetDependency section */
		D1C89EDB2822B3E900DAA2F4 /* PBXTargetDependency */ = {
			isa = PBXTargetDependency;
			target = D106B0A3281EA2A400E6CCFA /* fieldBy */;
			targetProxy = D1C89EDA2822B3E900DAA2F4 /* PBXContainerItemProxy */;
		};
/* End PBXTargetDependency section */

/* Begin PBXVariantGroup section */
		D106B0AD281EA2A400E6CCFA /* Main.storyboard */ = {
			isa = PBXVariantGroup;
			children = (
				D106B0AE281EA2A400E6CCFA /* Base */,
			);
			name = Main.storyboard;
			sourceTree = "<group>";
		};
		D106B0B2281EA2A500E6CCFA /* LaunchScreen.storyboard */ = {
			isa = PBXVariantGroup;
			children = (
				D106B0B3281EA2A500E6CCFA /* Base */,
			);
			name = LaunchScreen.storyboard;
			sourceTree = "<group>";
		};
/* End PBXVariantGroup section */

/* Begin XCBuildConfiguration section */
		D106B0B6281EA2A500E6CCFA /* Debug */ = {
			isa = XCBuildConfiguration;
			buildSettings = {
				ALWAYS_SEARCH_USER_PATHS = NO;
				CLANG_ANALYZER_NONNULL = YES;
				CLANG_ANALYZER_NUMBER_OBJECT_CONVERSION = YES_AGGRESSIVE;
				CLANG_CXX_LANGUAGE_STANDARD = "gnu++17";
				CLANG_ENABLE_MODULES = YES;
				CLANG_ENABLE_OBJC_ARC = YES;
				CLANG_ENABLE_OBJC_WEAK = YES;
				CLANG_WARN_BLOCK_CAPTURE_AUTORELEASING = YES;
				CLANG_WARN_BOOL_CONVERSION = YES;
				CLANG_WARN_COMMA = YES;
				CLANG_WARN_CONSTANT_CONVERSION = YES;
				CLANG_WARN_DEPRECATED_OBJC_IMPLEMENTATIONS = YES;
				CLANG_WARN_DIRECT_OBJC_ISA_USAGE = YES_ERROR;
				CLANG_WARN_DOCUMENTATION_COMMENTS = YES;
				CLANG_WARN_EMPTY_BODY = YES;
				CLANG_WARN_ENUM_CONVERSION = YES;
				CLANG_WARN_INFINITE_RECURSION = YES;
				CLANG_WARN_INT_CONVERSION = YES;
				CLANG_WARN_NON_LITERAL_NULL_CONVERSION = YES;
				CLANG_WARN_OBJC_IMPLICIT_RETAIN_SELF = YES;
				CLANG_WARN_OBJC_LITERAL_CONVERSION = YES;
				CLANG_WARN_OBJC_ROOT_CLASS = YES_ERROR;
				CLANG_WARN_QUOTED_INCLUDE_IN_FRAMEWORK_HEADER = YES;
				CLANG_WARN_RANGE_LOOP_ANALYSIS = YES;
				CLANG_WARN_STRICT_PROTOTYPES = YES;
				CLANG_WARN_SUSPICIOUS_MOVE = YES;
				CLANG_WARN_UNGUARDED_AVAILABILITY = YES_AGGRESSIVE;
				CLANG_WARN_UNREACHABLE_CODE = YES;
				CLANG_WARN__DUPLICATE_METHOD_MATCH = YES;
				COPY_PHASE_STRIP = NO;
				DEBUG_INFORMATION_FORMAT = dwarf;
				ENABLE_STRICT_OBJC_MSGSEND = YES;
				ENABLE_TESTABILITY = YES;
				GCC_C_LANGUAGE_STANDARD = gnu11;
				GCC_DYNAMIC_NO_PIC = NO;
				GCC_NO_COMMON_BLOCKS = YES;
				GCC_OPTIMIZATION_LEVEL = 0;
				GCC_PREPROCESSOR_DEFINITIONS = (
					"DEBUG=1",
					"$(inherited)",
				);
				GCC_WARN_64_TO_32_BIT_CONVERSION = YES;
				GCC_WARN_ABOUT_RETURN_TYPE = YES_ERROR;
				GCC_WARN_UNDECLARED_SELECTOR = YES;
				GCC_WARN_UNINITIALIZED_AUTOS = YES_AGGRESSIVE;
				GCC_WARN_UNUSED_FUNCTION = YES;
				GCC_WARN_UNUSED_VARIABLE = YES;
				INFOPLIST_KEY_UIMainStoryboardFile = Auth;
				IPHONEOS_DEPLOYMENT_TARGET = 14.6;
				MTL_ENABLE_DEBUG_INFO = INCLUDE_SOURCE;
				MTL_FAST_MATH = YES;
				ONLY_ACTIVE_ARCH = YES;
				SDKROOT = iphoneos;
				SWIFT_ACTIVE_COMPILATION_CONDITIONS = DEBUG;
				SWIFT_OPTIMIZATION_LEVEL = "-Onone";
			};
			name = Debug;
		};
		D106B0B7281EA2A500E6CCFA /* Release */ = {
			isa = XCBuildConfiguration;
			buildSettings = {
				ALWAYS_SEARCH_USER_PATHS = NO;
				CLANG_ANALYZER_NONNULL = YES;
				CLANG_ANALYZER_NUMBER_OBJECT_CONVERSION = YES_AGGRESSIVE;
				CLANG_CXX_LANGUAGE_STANDARD = "gnu++17";
				CLANG_ENABLE_MODULES = YES;
				CLANG_ENABLE_OBJC_ARC = YES;
				CLANG_ENABLE_OBJC_WEAK = YES;
				CLANG_WARN_BLOCK_CAPTURE_AUTORELEASING = YES;
				CLANG_WARN_BOOL_CONVERSION = YES;
				CLANG_WARN_COMMA = YES;
				CLANG_WARN_CONSTANT_CONVERSION = YES;
				CLANG_WARN_DEPRECATED_OBJC_IMPLEMENTATIONS = YES;
				CLANG_WARN_DIRECT_OBJC_ISA_USAGE = YES_ERROR;
				CLANG_WARN_DOCUMENTATION_COMMENTS = YES;
				CLANG_WARN_EMPTY_BODY = YES;
				CLANG_WARN_ENUM_CONVERSION = YES;
				CLANG_WARN_INFINITE_RECURSION = YES;
				CLANG_WARN_INT_CONVERSION = YES;
				CLANG_WARN_NON_LITERAL_NULL_CONVERSION = YES;
				CLANG_WARN_OBJC_IMPLICIT_RETAIN_SELF = YES;
				CLANG_WARN_OBJC_LITERAL_CONVERSION = YES;
				CLANG_WARN_OBJC_ROOT_CLASS = YES_ERROR;
				CLANG_WARN_QUOTED_INCLUDE_IN_FRAMEWORK_HEADER = YES;
				CLANG_WARN_RANGE_LOOP_ANALYSIS = YES;
				CLANG_WARN_STRICT_PROTOTYPES = YES;
				CLANG_WARN_SUSPICIOUS_MOVE = YES;
				CLANG_WARN_UNGUARDED_AVAILABILITY = YES_AGGRESSIVE;
				CLANG_WARN_UNREACHABLE_CODE = YES;
				CLANG_WARN__DUPLICATE_METHOD_MATCH = YES;
				COPY_PHASE_STRIP = NO;
				DEBUG_INFORMATION_FORMAT = "dwarf-with-dsym";
				ENABLE_NS_ASSERTIONS = NO;
				ENABLE_STRICT_OBJC_MSGSEND = YES;
				GCC_C_LANGUAGE_STANDARD = gnu11;
				GCC_NO_COMMON_BLOCKS = YES;
				GCC_WARN_64_TO_32_BIT_CONVERSION = YES;
				GCC_WARN_ABOUT_RETURN_TYPE = YES_ERROR;
				GCC_WARN_UNDECLARED_SELECTOR = YES;
				GCC_WARN_UNINITIALIZED_AUTOS = YES_AGGRESSIVE;
				GCC_WARN_UNUSED_FUNCTION = YES;
				GCC_WARN_UNUSED_VARIABLE = YES;
				INFOPLIST_KEY_UIMainStoryboardFile = Auth;
				IPHONEOS_DEPLOYMENT_TARGET = 14.6;
				MTL_ENABLE_DEBUG_INFO = NO;
				MTL_FAST_MATH = YES;
				SDKROOT = iphoneos;
				SWIFT_COMPILATION_MODE = wholemodule;
				SWIFT_OPTIMIZATION_LEVEL = "-O";
				VALIDATE_PRODUCT = YES;
			};
			name = Release;
		};
		D106B0B9281EA2A500E6CCFA /* Debug */ = {
			isa = XCBuildConfiguration;
			baseConfigurationReference = E8B21A1856005D1A76BCE0CE /* Pods-fieldBy.debug.xcconfig */;
			buildSettings = {
				ASSETCATALOG_COMPILER_APPICON_NAME = AppIcon;
				ASSETCATALOG_COMPILER_GLOBAL_ACCENT_COLOR_NAME = AccentColor;
				CODE_SIGN_ENTITLEMENTS = fieldBy/fieldBy.entitlements;
				CODE_SIGN_STYLE = Automatic;
				CURRENT_PROJECT_VERSION = 1;
				DEVELOPMENT_TEAM = 9F9825B8Y8;
				GENERATE_INFOPLIST_FILE = YES;
				INFOPLIST_FILE = fieldBy/Info.plist;
				INFOPLIST_KEY_UIApplicationSupportsIndirectInputEvents = YES;
				INFOPLIST_KEY_UILaunchStoryboardName = LaunchScreen;
				INFOPLIST_KEY_UIMainStoryboardFile = Auth;
				INFOPLIST_KEY_UISupportedInterfaceOrientations_iPad = "UIInterfaceOrientationPortrait UIInterfaceOrientationPortraitUpsideDown UIInterfaceOrientationLandscapeLeft UIInterfaceOrientationLandscapeRight";
				INFOPLIST_KEY_UISupportedInterfaceOrientations_iPhone = "UIInterfaceOrientationPortrait UIInterfaceOrientationLandscapeLeft UIInterfaceOrientationLandscapeRight";
				INFOPLIST_KEY_UIUserInterfaceStyle = Light;
				LD_RUNPATH_SEARCH_PATHS = (
					"$(inherited)",
					"@executable_path/Frameworks",
				);
				MARKETING_VERSION = 1.0;
				PRODUCT_BUNDLE_IDENTIFIER = shawnApp.fieldBy;
				PRODUCT_NAME = "$(TARGET_NAME)";
				SWIFT_EMIT_LOC_STRINGS = YES;
				SWIFT_VERSION = 5.0;
				TARGETED_DEVICE_FAMILY = "1,2";
			};
			name = Debug;
		};
		D106B0BA281EA2A500E6CCFA /* Release */ = {
			isa = XCBuildConfiguration;
			baseConfigurationReference = 687B4805590AC52870DA0137 /* Pods-fieldBy.release.xcconfig */;
			buildSettings = {
				ASSETCATALOG_COMPILER_APPICON_NAME = AppIcon;
				ASSETCATALOG_COMPILER_GLOBAL_ACCENT_COLOR_NAME = AccentColor;
				CODE_SIGN_ENTITLEMENTS = fieldBy/fieldBy.entitlements;
				CODE_SIGN_STYLE = Automatic;
				CURRENT_PROJECT_VERSION = 1;
				DEVELOPMENT_TEAM = 9F9825B8Y8;
				GENERATE_INFOPLIST_FILE = YES;
				INFOPLIST_FILE = fieldBy/Info.plist;
				INFOPLIST_KEY_UIApplicationSupportsIndirectInputEvents = YES;
				INFOPLIST_KEY_UILaunchStoryboardName = LaunchScreen;
				INFOPLIST_KEY_UIMainStoryboardFile = Auth;
				INFOPLIST_KEY_UISupportedInterfaceOrientations_iPad = "UIInterfaceOrientationPortrait UIInterfaceOrientationPortraitUpsideDown UIInterfaceOrientationLandscapeLeft UIInterfaceOrientationLandscapeRight";
				INFOPLIST_KEY_UISupportedInterfaceOrientations_iPhone = "UIInterfaceOrientationPortrait UIInterfaceOrientationLandscapeLeft UIInterfaceOrientationLandscapeRight";
				INFOPLIST_KEY_UIUserInterfaceStyle = Light;
				LD_RUNPATH_SEARCH_PATHS = (
					"$(inherited)",
					"@executable_path/Frameworks",
				);
				MARKETING_VERSION = 1.0;
				PRODUCT_BUNDLE_IDENTIFIER = shawnApp.fieldBy;
				PRODUCT_NAME = "$(TARGET_NAME)";
				SWIFT_EMIT_LOC_STRINGS = YES;
				SWIFT_VERSION = 5.0;
				TARGETED_DEVICE_FAMILY = "1,2";
			};
			name = Release;
		};
		D1C89EDC2822B3E900DAA2F4 /* Debug */ = {
			isa = XCBuildConfiguration;
			buildSettings = {
				CODE_SIGN_STYLE = Automatic;
				CURRENT_PROJECT_VERSION = 1;
				DEVELOPMENT_TEAM = JRXGXW25BG;
				GENERATE_INFOPLIST_FILE = YES;
				IPHONEOS_DEPLOYMENT_TARGET = 15.4;
				MARKETING_VERSION = 1.0;
				PRODUCT_BUNDLE_IDENTIFIER = shawnApp.fieldByUITests;
				PRODUCT_NAME = "$(TARGET_NAME)";
				SWIFT_EMIT_LOC_STRINGS = NO;
				SWIFT_VERSION = 5.0;
				TARGETED_DEVICE_FAMILY = "1,2";
				TEST_TARGET_NAME = fieldBy;
			};
			name = Debug;
		};
		D1C89EDD2822B3E900DAA2F4 /* Release */ = {
			isa = XCBuildConfiguration;
			buildSettings = {
				CODE_SIGN_STYLE = Automatic;
				CURRENT_PROJECT_VERSION = 1;
				DEVELOPMENT_TEAM = JRXGXW25BG;
				GENERATE_INFOPLIST_FILE = YES;
				IPHONEOS_DEPLOYMENT_TARGET = 15.4;
				MARKETING_VERSION = 1.0;
				PRODUCT_BUNDLE_IDENTIFIER = shawnApp.fieldByUITests;
				PRODUCT_NAME = "$(TARGET_NAME)";
				SWIFT_EMIT_LOC_STRINGS = NO;
				SWIFT_VERSION = 5.0;
				TARGETED_DEVICE_FAMILY = "1,2";
				TEST_TARGET_NAME = fieldBy;
			};
			name = Release;
		};
/* End XCBuildConfiguration section */

/* Begin XCConfigurationList section */
		D106B09F281EA2A400E6CCFA /* Build configuration list for PBXProject "fieldBy" */ = {
			isa = XCConfigurationList;
			buildConfigurations = (
				D106B0B6281EA2A500E6CCFA /* Debug */,
				D106B0B7281EA2A500E6CCFA /* Release */,
			);
			defaultConfigurationIsVisible = 0;
			defaultConfigurationName = Release;
		};
		D106B0B8281EA2A500E6CCFA /* Build configuration list for PBXNativeTarget "fieldBy" */ = {
			isa = XCConfigurationList;
			buildConfigurations = (
				D106B0B9281EA2A500E6CCFA /* Debug */,
				D106B0BA281EA2A500E6CCFA /* Release */,
			);
			defaultConfigurationIsVisible = 0;
			defaultConfigurationName = Release;
		};
		D1C89EDE2822B3E900DAA2F4 /* Build configuration list for PBXNativeTarget "fieldByUITests" */ = {
			isa = XCConfigurationList;
			buildConfigurations = (
				D1C89EDC2822B3E900DAA2F4 /* Debug */,
				D1C89EDD2822B3E900DAA2F4 /* Release */,
			);
			defaultConfigurationIsVisible = 0;
			defaultConfigurationName = Release;
		};
/* End XCConfigurationList section */
	};
	rootObject = D106B09C281EA2A400E6CCFA /* Project object */;
}
